
Microsoft Visual Studio Solution File, Format Version 12.00
# Visual Studio Version 17
VisualStudioVersion = 17.0.32014.148
MinimumVisualStudioVersion = 10.0.40219.1
Project("{8BC9CEB8-8B4A-11D0-8D11-00A0C91BC942}") = "DirectX3D", "DirectX3D\DirectX3D.vcxproj", "{14555AD5-2991-46E1-B982-5B7D92C69027}"
EndProject
Global
	GlobalSection(SolutionConfigurationPlatforms) = preSolution
		Debug|x64 = Debug|x64
		Debug|x86 = Debug|x86
		Release|x64 = Release|x64
		Release|x86 = Release|x86
	EndGlobalSection
	GlobalSection(ProjectConfigurationPlatforms) = postSolution
		{14555AD5-2991-46E1-B982-5B7D92C69027}.Debug|x64.ActiveCfg = Debug|x64
		{14555AD5-2991-46E1-B982-5B7D92C69027}.Debug|x64.Build.0 = Debug|x64
		{14555AD5-2991-46E1-B982-5B7D92C69027}.Debug|x86.ActiveCfg = Debug|Win32
		{14555AD5-2991-46E1-B982-5B7D92C69027}.Debug|x86.Build.0 = Debug|Win32
		{14555AD5-2991-46E1-B982-5B7D92C69027}.Release|x64.ActiveCfg = Release|x64
		{14555AD5-2991-46E1-B982-5B7D92C69027}.Release|x64.Build.0 = Release|x64
		{14555AD5-2991-46E1-B982-5B7D92C69027}.Release|x86.ActiveCfg = Release|Win32
		{14555AD5-2991-46E1-B982-5B7D92C69027}.Release|x86.Build.0 = Release|Win32
	EndGlobalSection
	GlobalSection(SolutionProperties) = preSolution
		HideSolutionNode = FALSE
	EndGlobalSection
	GlobalSection(ExtensibilityGlobals) = postSolution
		SolutionGuid = {4AF8D157-D233-4259-B037-DE6933E99773}
	EndGlobalSection
EndGlobal
